
Microsoft Visual Studio Solution File, Format Version 12.00
# Visual Studio Version 16
VisualStudioVersion = 16.0.31205.134
MinimumVisualStudioVersion = 10.0.40219.1
Project("{FAE04EC0-301F-11D3-BF4B-00C04F79EFBC}") = "csgoGlowMem", "csgoGlowMem\csgoGlowMem.csproj", "{BE477EC0-5408-4263-BE84-47D1685847C0}"
EndProject
Global
	GlobalSection(SolutionConfigurationPlatforms) = preSolution
		Debug|Any CPU = Debug|Any CPU
		Release|Any CPU = Release|Any CPU
	EndGlobalSection
	GlobalSection(ProjectConfigurationPlatforms) = postSolution
		{BE477EC0-5408-4263-BE84-47D1685847C0}.Debug|Any CPU.ActiveCfg = Debug|Any CPU
		{BE477EC0-5408-4263-BE84-47D1685847C0}.Debug|Any CPU.Build.0 = Debug|Any CPU
		{BE477EC0-5408-4263-BE84-47D1685847C0}.Release|Any CPU.ActiveCfg = Release|Any CPU
		{BE477EC0-5408-4263-BE84-47D1685847C0}.Release|Any CPU.Build.0 = Release|Any CPU
	EndGlobalSection
	GlobalSection(SolutionProperties) = preSolution
		HideSolutionNode = FALSE
	EndGlobalSection
	GlobalSection(ExtensibilityGlobals) = postSolution
		SolutionGuid = {D1C4965B-F679-4A16-ACCF-754C72C84FAE}
	EndGlobalSection
EndGlobal
